
Microsoft Visual Studio Solution File, Format Version 12.00
# Visual Studio Version 16
VisualStudioVersion = 16.0.29806.167
MinimumVisualStudioVersion = 10.0.40219.1
Project("{FAE04EC0-301F-11D3-BF4B-00C04F79EFBC}") = "CyclicMenu", "CyclicMenu\CyclicMenu.csproj", "{B56E3CDD-2C46-4BDA-B361-0FE6783F3262}"
EndProject
Global
	GlobalSection(SolutionConfigurationPlatforms) = preSolution
		Debug|Any CPU = Debug|Any CPU
		Release|Any CPU = Release|Any CPU
	EndGlobalSection
	GlobalSection(ProjectConfigurationPlatforms) = postSolution
		{B56E3CDD-2C46-4BDA-B361-0FE6783F3262}.Debug|Any CPU.ActiveCfg = Debug|Any CPU
		{B56E3CDD-2C46-4BDA-B361-0FE6783F3262}.Debug|Any CPU.Build.0 = Debug|Any CPU
		{B56E3CDD-2C46-4BDA-B361-0FE6783F3262}.Release|Any CPU.ActiveCfg = Release|Any CPU
		{B56E3CDD-2C46-4BDA-B361-0FE6783F3262}.Release|Any CPU.Build.0 = Release|Any CPU
	EndGlobalSection
	GlobalSection(SolutionProperties) = preSolution
		HideSolutionNode = FALSE
	EndGlobalSection
	GlobalSection(ExtensibilityGlobals) = postSolution
		SolutionGuid = {0E9508A8-0CCB-4DBC-A389-388F5175924A}
	EndGlobalSection
EndGlobal
